// !$*UTF8*$!
{
	archiveVersion = 1;
	classes = {
	};
	objectVersion = 50;
	objects = {

/* Begin PBXBuildFile section */
		28400F5420E665A8004AF10B /* GitHubRepoDetailViewController.swift in Sources */ = {isa = PBXBuildFile; fileRef = 28400F5320E665A8004AF10B /* GitHubRepoDetailViewController.swift */; };
		28400F5620E668D8004AF10B /* GitHubRepoDetailViewModel.swift in Sources */ = {isa = PBXBuildFile; fileRef = 28400F5520E668D7004AF10B /* GitHubRepoDetailViewModel.swift */; };
		28400F5820E67287004AF10B /* FavouritesManager.swift in Sources */ = {isa = PBXBuildFile; fileRef = 28400F5720E67286004AF10B /* FavouritesManager.swift */; };
		28452EF920E63F6300DCD2C9 /* AppDelegate.swift in Sources */ = {isa = PBXBuildFile; fileRef = 28452EF820E63F6300DCD2C9 /* AppDelegate.swift */; };
		28452EFB20E63F6300DCD2C9 /* GitHubRepoListViewController.swift in Sources */ = {isa = PBXBuildFile; fileRef = 28452EFA20E63F6300DCD2C9 /* GitHubRepoListViewController.swift */; };
		28452EFE20E63F6300DCD2C9 /* Main.storyboard in Resources */ = {isa = PBXBuildFile; fileRef = 28452EFC20E63F6300DCD2C9 /* Main.storyboard */; };
		28452F0020E63F6300DCD2C9 /* Assets.xcassets in Resources */ = {isa = PBXBuildFile; fileRef = 28452EFF20E63F6300DCD2C9 /* Assets.xcassets */; };
		28452F0320E63F6300DCD2C9 /* LaunchScreen.storyboard in Resources */ = {isa = PBXBuildFile; fileRef = 28452F0120E63F6300DCD2C9 /* LaunchScreen.storyboard */; };
		28452F1020E640AF00DCD2C9 /* GitHubRepoListViewModel.swift in Sources */ = {isa = PBXBuildFile; fileRef = 28452F0F20E640AF00DCD2C9 /* GitHubRepoListViewModel.swift */; };
		28452F1220E640F800DCD2C9 /* GitHubRepo.swift in Sources */ = {isa = PBXBuildFile; fileRef = 28452F1120E640F800DCD2C9 /* GitHubRepo.swift */; };
		28452F1620E645D200DCD2C9 /* Constants.swift in Sources */ = {isa = PBXBuildFile; fileRef = 28452F1520E645D200DCD2C9 /* Constants.swift */; };
		28452F1820E645D900DCD2C9 /* GetGitHubRepoRequest.swift in Sources */ = {isa = PBXBuildFile; fileRef = 28452F1720E645D900DCD2C9 /* GetGitHubRepoRequest.swift */; };
		28452F1B20E64B2F00DCD2C9 /* DateExtension.swift in Sources */ = {isa = PBXBuildFile; fileRef = 28452F1A20E64B2F00DCD2C9 /* DateExtension.swift */; };
		28452F1E20E64F1D00DCD2C9 /* GitHubRepoListDataSource.swift in Sources */ = {isa = PBXBuildFile; fileRef = 28452F1C20E64F1C00DCD2C9 /* GitHubRepoListDataSource.swift */; };
		28452F1F20E64F1D00DCD2C9 /* GitHubRepoListDelegate.swift in Sources */ = {isa = PBXBuildFile; fileRef = 28452F1D20E64F1C00DCD2C9 /* GitHubRepoListDelegate.swift */; };
		28452F2220E64FC900DCD2C9 /* GitHubRepoCollectionViewCell.swift in Sources */ = {isa = PBXBuildFile; fileRef = 28452F2120E64FC900DCD2C9 /* GitHubRepoCollectionViewCell.swift */; };
		28452F2420E64FF100DCD2C9 /* UIImageViewExtension.swift in Sources */ = {isa = PBXBuildFile; fileRef = 28452F2320E64FF100DCD2C9 /* UIImageViewExtension.swift */; };
/* End PBXBuildFile section */

/* Begin PBXFileReference section */
		28400F5320E665A8004AF10B /* GitHubRepoDetailViewController.swift */ = {isa = PBXFileReference; fileEncoding = 4; lastKnownFileType = sourcecode.swift; path = GitHubRepoDetailViewController.swift; sourceTree = "<group>"; };
		28400F5520E668D7004AF10B /* GitHubRepoDetailViewModel.swift */ = {isa = PBXFileReference; fileEncoding = 4; lastKnownFileType = sourcecode.swift; path = GitHubRepoDetailViewModel.swift; sourceTree = "<group>"; };
		28400F5720E67286004AF10B /* FavouritesManager.swift */ = {isa = PBXFileReference; fileEncoding = 4; lastKnownFileType = sourcecode.swift; path = FavouritesManager.swift; sourceTree = "<group>"; };
		28452EF520E63F6300DCD2C9 /* StanwoodTask.app */ = {isa = PBXFileReference; explicitFileType = wrapper.application; includeInIndex = 0; path = StanwoodTask.app; sourceTree = BUILT_PRODUCTS_DIR; };
		28452EF820E63F6300DCD2C9 /* AppDelegate.swift */ = {isa = PBXFileReference; lastKnownFileType = sourcecode.swift; path = AppDelegate.swift; sourceTree = "<group>"; };
		28452EFA20E63F6300DCD2C9 /* GitHubRepoListViewController.swift */ = {isa = PBXFileReference; lastKnownFileType = sourcecode.swift; path = GitHubRepoListViewController.swift; sourceTree = "<group>"; };
		28452EFD20E63F6300DCD2C9 /* Base */ = {isa = PBXFileReference; lastKnownFileType = file.storyboard; name = Base; path = Base.lproj/Main.storyboard; sourceTree = "<group>"; };
		28452EFF20E63F6300DCD2C9 /* Assets.xcassets */ = {isa = PBXFileReference; lastKnownFileType = folder.assetcatalog; path = Assets.xcassets; sourceTree = "<group>"; };
		28452F0220E63F6300DCD2C9 /* Base */ = {isa = PBXFileReference; lastKnownFileType = file.storyboard; name = Base; path = Base.lproj/LaunchScreen.storyboard; sourceTree = "<group>"; };
		28452F0420E63F6300DCD2C9 /* Info.plist */ = {isa = PBXFileReference; lastKnownFileType = text.plist.xml; path = Info.plist; sourceTree = "<group>"; };
		28452F0F20E640AF00DCD2C9 /* GitHubRepoListViewModel.swift */ = {isa = PBXFileReference; fileEncoding = 4; lastKnownFileType = sourcecode.swift; path = GitHubRepoListViewModel.swift; sourceTree = "<group>"; };
		28452F1120E640F800DCD2C9 /* GitHubRepo.swift */ = {isa = PBXFileReference; fileEncoding = 4; lastKnownFileType = sourcecode.swift; path = GitHubRepo.swift; sourceTree = "<group>"; };
		28452F1520E645D200DCD2C9 /* Constants.swift */ = {isa = PBXFileReference; fileEncoding = 4; lastKnownFileType = sourcecode.swift; path = Constants.swift; sourceTree = "<group>"; };
		28452F1720E645D900DCD2C9 /* GetGitHubRepoRequest.swift */ = {isa = PBXFileReference; fileEncoding = 4; lastKnownFileType = sourcecode.swift; path = GetGitHubRepoRequest.swift; sourceTree = "<group>"; };
		28452F1A20E64B2F00DCD2C9 /* DateExtension.swift */ = {isa = PBXFileReference; fileEncoding = 4; lastKnownFileType = sourcecode.swift; path = DateExtension.swift; sourceTree = "<group>"; };
		28452F1C20E64F1C00DCD2C9 /* GitHubRepoListDataSource.swift */ = {isa = PBXFileReference; fileEncoding = 4; lastKnownFileType = sourcecode.swift; name = GitHubRepoListDataSource.swift; path = StanwoodTask/Models/GitHubRepoListDataSource.swift; sourceTree = SOURCE_ROOT; };
		28452F1D20E64F1C00DCD2C9 /* GitHubRepoListDelegate.swift */ = {isa = PBXFileReference; fileEncoding = 4; lastKnownFileType = sourcecode.swift; name = GitHubRepoListDelegate.swift; path = StanwoodTask/Models/GitHubRepoListDelegate.swift; sourceTree = SOURCE_ROOT; };
		28452F2120E64FC900DCD2C9 /* GitHubRepoCollectionViewCell.swift */ = {isa = PBXFileReference; fileEncoding = 4; lastKnownFileType = sourcecode.swift; path = GitHubRepoCollectionViewCell.swift; sourceTree = "<group>"; };
		28452F2320E64FF100DCD2C9 /* UIImageViewExtension.swift */ = {isa = PBXFileReference; fileEncoding = 4; lastKnownFileType = sourcecode.swift; path = UIImageViewExtension.swift; sourceTree = "<group>"; };
/* End PBXFileReference section */

/* Begin PBXFrameworksBuildPhase section */
		28452EF220E63F6300DCD2C9 /* Frameworks */ = {
			isa = PBXFrameworksBuildPhase;
			buildActionMask = 2147483647;
			files = (
			);
			runOnlyForDeploymentPostprocessing = 0;
		};
/* End PBXFrameworksBuildPhase section */

/* Begin PBXGroup section */
		28452EEC20E63F6300DCD2C9 = {
			isa = PBXGroup;
			children = (
				28452EF720E63F6300DCD2C9 /* StanwoodTask */,
				28452EF620E63F6300DCD2C9 /* Products */,
			);
			sourceTree = "<group>";
		};
		28452EF620E63F6300DCD2C9 /* Products */ = {
			isa = PBXGroup;
			children = (
				28452EF520E63F6300DCD2C9 /* StanwoodTask.app */,
			);
			name = Products;
			sourceTree = "<group>";
		};
		28452EF720E63F6300DCD2C9 /* StanwoodTask */ = {
			isa = PBXGroup;
			children = (
				28452F2020E64FA600DCD2C9 /* Cells */,
				28452F1920E64B0500DCD2C9 /* Extension */,
				28452F1420E645A700DCD2C9 /* Constants */,
				28452F1320E6459B00DCD2C9 /* Request */,
				28452F0E20E63FA700DCD2C9 /* Managers */,
				28452F0D20E63F9D00DCD2C9 /* Models */,
				28452F0C20E63F9100DCD2C9 /* View Models */,
				28452F0B20E63F8400DCD2C9 /* Storyboard */,
				28452F0A20E63F7C00DCD2C9 /* View Controllers */,
				28452EFF20E63F6300DCD2C9 /* Assets.xcassets */,
				28452F0420E63F6300DCD2C9 /* Info.plist */,
			);
			path = StanwoodTask;
			sourceTree = "<group>";
		};
		28452F0A20E63F7C00DCD2C9 /* View Controllers */ = {
			isa = PBXGroup;
			children = (
				28452EFA20E63F6300DCD2C9 /* GitHubRepoListViewController.swift */,
				28400F5320E665A8004AF10B /* GitHubRepoDetailViewController.swift */,
			);
			path = "View Controllers";
			sourceTree = "<group>";
		};
		28452F0B20E63F8400DCD2C9 /* Storyboard */ = {
			isa = PBXGroup;
			children = (
				28452EFC20E63F6300DCD2C9 /* Main.storyboard */,
				28452F0120E63F6300DCD2C9 /* LaunchScreen.storyboard */,
			);
			path = Storyboard;
			sourceTree = "<group>";
		};
		28452F0C20E63F9100DCD2C9 /* View Models */ = {
			isa = PBXGroup;
			children = (
				28452F0F20E640AF00DCD2C9 /* GitHubRepoListViewModel.swift */,
				28400F5520E668D7004AF10B /* GitHubRepoDetailViewModel.swift */,
			);
			path = "View Models";
			sourceTree = "<group>";
		};
		28452F0D20E63F9D00DCD2C9 /* Models */ = {
			isa = PBXGroup;
			children = (
				28452F1120E640F800DCD2C9 /* GitHubRepo.swift */,
				28452F1C20E64F1C00DCD2C9 /* GitHubRepoListDataSource.swift */,
				28452F1D20E64F1C00DCD2C9 /* GitHubRepoListDelegate.swift */,
			);
			path = Models;
			sourceTree = "<group>";
		};
		28452F0E20E63FA700DCD2C9 /* Managers */ = {
			isa = PBXGroup;
			children = (
				28400F5720E67286004AF10B /* FavouritesManager.swift */,
				28452EF820E63F6300DCD2C9 /* AppDelegate.swift */,
			);
			path = Managers;
			sourceTree = "<group>";
		};
		28452F1320E6459B00DCD2C9 /* Request */ = {
			isa = PBXGroup;
			children = (
				28452F1720E645D900DCD2C9 /* GetGitHubRepoRequest.swift */,
			);
			path = Request;
			sourceTree = "<group>";
		};
		28452F1420E645A700DCD2C9 /* Constants */ = {
			isa = PBXGroup;
			children = (
				28452F1520E645D200DCD2C9 /* Constants.swift */,
			);
			path = Constants;
			sourceTree = "<group>";
		};
		28452F1920E64B0500DCD2C9 /* Extension */ = {
			isa = PBXGroup;
			children = (
				28452F1A20E64B2F00DCD2C9 /* DateExtension.swift */,
				28452F2320E64FF100DCD2C9 /* UIImageViewExtension.swift */,
			);
			path = Extension;
			sourceTree = "<group>";
		};
		28452F2020E64FA600DCD2C9 /* Cells */ = {
			isa = PBXGroup;
			children = (
				28452F2120E64FC900DCD2C9 /* GitHubRepoCollectionViewCell.swift */,
			);
			path = Cells;
			sourceTree = "<group>";
		};
/* End PBXGroup section */

/* Begin PBXNativeTarget section */
		28452EF420E63F6300DCD2C9 /* StanwoodTask */ = {
			isa = PBXNativeTarget;
			buildConfigurationList = 28452F0720E63F6300DCD2C9 /* Build configuration list for PBXNativeTarget "StanwoodTask" */;
			buildPhases = (
				28452EF120E63F6300DCD2C9 /* Sources */,
				28452EF220E63F6300DCD2C9 /* Frameworks */,
				28452EF320E63F6300DCD2C9 /* Resources */,
			);
			buildRules = (
			);
			dependencies = (
			);
			name = StanwoodTask;
			productName = StanwoodTask;
			productReference = 28452EF520E63F6300DCD2C9 /* StanwoodTask.app */;
			productType = "com.apple.product-type.application";
		};
/* End PBXNativeTarget section */

/* Begin PBXProject section */
		28452EED20E63F6300DCD2C9 /* Project object */ = {
			isa = PBXProject;
			attributes = {
				LastSwiftUpdateCheck = 0940;
				LastUpgradeCheck = 0940;
				ORGANIZATIONNAME = YakApps;
				TargetAttributes = {
					28452EF420E63F6300DCD2C9 = {
						CreatedOnToolsVersion = 9.4.1;
					};
				};
			};
			buildConfigurationList = 28452EF020E63F6300DCD2C9 /* Build configuration list for PBXProject "StanwoodTask" */;
			compatibilityVersion = "Xcode 9.3";
			developmentRegion = en;
			hasScannedForEncodings = 0;
			knownRegions = (
				en,
				Base,
			);
			mainGroup = 28452EEC20E63F6300DCD2C9;
			productRefGroup = 28452EF620E63F6300DCD2C9 /* Products */;
			projectDirPath = "";
			projectRoot = "";
			targets = (
				28452EF420E63F6300DCD2C9 /* StanwoodTask */,
			);
		};
/* End PBXProject section */

/* Begin PBXResourcesBuildPhase section */
		28452EF320E63F6300DCD2C9 /* Resources */ = {
			isa = PBXResourcesBuildPhase;
			buildActionMask = 2147483647;
			files = (
				28452F0320E63F6300DCD2C9 /* LaunchScreen.storyboard in Resources */,
				28452F0020E63F6300DCD2C9 /* Assets.xcassets in Resources */,
				28452EFE20E63F6300DCD2C9 /* Main.storyboard in Resources */,
			);
			runOnlyForDeploymentPostprocessing = 0;
		};
/* End PBXResourcesBuildPhase section */

/* Begin PBXSourcesBuildPhase section */
		28452EF120E63F6300DCD2C9 /* Sources */ = {
			isa = PBXSourcesBuildPhase;
			buildActionMask = 2147483647;
			files = (
				28452F1620E645D200DCD2C9 /* Constants.swift in Sources */,
				28452F2220E64FC900DCD2C9 /* GitHubRepoCollectionViewCell.swift in Sources */,
				28452F1E20E64F1D00DCD2C9 /* GitHubRepoListDataSource.swift in Sources */,
				28400F5620E668D8004AF10B /* GitHubRepoDetailViewModel.swift in Sources */,
				28452F1B20E64B2F00DCD2C9 /* DateExtension.swift in Sources */,
				28452F1820E645D900DCD2C9 /* GetGitHubRepoRequest.swift in Sources */,
				28452F1220E640F800DCD2C9 /* GitHubRepo.swift in Sources */,
				28400F5820E67287004AF10B /* FavouritesManager.swift in Sources */,
				28452F2420E64FF100DCD2C9 /* UIImageViewExtension.swift in Sources */,
				28452EFB20E63F6300DCD2C9 /* GitHubRepoListViewController.swift in Sources */,
				28452F1020E640AF00DCD2C9 /* GitHubRepoListViewModel.swift in Sources */,
				28452EF920E63F6300DCD2C9 /* AppDelegate.swift in Sources */,
				28400F5420E665A8004AF10B /* GitHubRepoDetailViewController.swift in Sources */,
				28452F1F20E64F1D00DCD2C9 /* GitHubRepoListDelegate.swift in Sources */,
			);
			runOnlyForDeploymentPostprocessing = 0;
		};
/* End PBXSourcesBuildPhase section */

/* Begin PBXVariantGroup section */
		28452EFC20E63F6300DCD2C9 /* Main.storyboard */ = {
			isa = PBXVariantGroup;
			children = (
				28452EFD20E63F6300DCD2C9 /* Base */,
			);
			name = Main.storyboard;
			sourceTree = "<group>";
		};
		28452F0120E63F6300DCD2C9 /* LaunchScreen.storyboard */ = {
			isa = PBXVariantGroup;
			children = (
				28452F0220E63F6300DCD2C9 /* Base */,
			);
			name = LaunchScreen.storyboard;
			sourceTree = "<group>";
		};
/* End PBXVariantGroup section */

/* Begin XCBuildConfiguration section */
		28452F0520E63F6300DCD2C9 /* Debug */ = {
			isa = XCBuildConfiguration;
			buildSettings = {
				ALWAYS_SEARCH_USER_PATHS = NO;
				CLANG_ANALYZER_NONNULL = YES;
				CLANG_ANALYZER_NUMBER_OBJECT_CONVERSION = YES_AGGRESSIVE;
				CLANG_CXX_LANGUAGE_STANDARD = "gnu++14";
				CLANG_CXX_LIBRARY = "libc++";
				CLANG_ENABLE_MODULES = YES;
				CLANG_ENABLE_OBJC_ARC = YES;
				CLANG_ENABLE_OBJC_WEAK = YES;
				CLANG_WARN_BLOCK_CAPTURE_AUTORELEASING = YES;
				CLANG_WARN_BOOL_CONVERSION = YES;
				CLANG_WARN_COMMA = YES;
				CLANG_WARN_CONSTANT_CONVERSION = YES;
				CLANG_WARN_DEPRECATED_OBJC_IMPLEMENTATIONS = YES;
				CLANG_WARN_DIRECT_OBJC_ISA_USAGE = YES_ERROR;
				CLANG_WARN_DOCUMENTATION_COMMENTS = YES;
				CLANG_WARN_EMPTY_BODY = YES;
				CLANG_WARN_ENUM_CONVERSION = YES;
				CLANG_WARN_INFINITE_RECURSION = YES;
				CLANG_WARN_INT_CONVERSION = YES;
				CLANG_WARN_NON_LITERAL_NULL_CONVERSION = YES;
				CLANG_WARN_OBJC_IMPLICIT_RETAIN_SELF = YES;
				CLANG_WARN_OBJC_LITERAL_CONVERSION = YES;
				CLANG_WARN_OBJC_ROOT_CLASS = YES_ERROR;
				CLANG_WARN_RANGE_LOOP_ANALYSIS = YES;
				CLANG_WARN_STRICT_PROTOTYPES = YES;
				CLANG_WARN_SUSPICIOUS_MOVE = YES;
				CLANG_WARN_UNGUARDED_AVAILABILITY = YES_AGGRESSIVE;
				CLANG_WARN_UNREACHABLE_CODE = YES;
				CLANG_WARN__DUPLICATE_METHOD_MATCH = YES;
				CODE_SIGN_IDENTITY = "iPhone Developer";
				COPY_PHASE_STRIP = NO;
				DEBUG_INFORMATION_FORMAT = dwarf;
				ENABLE_STRICT_OBJC_MSGSEND = YES;
				ENABLE_TESTABILITY = YES;
				GCC_C_LANGUAGE_STANDARD = gnu11;
				GCC_DYNAMIC_NO_PIC = NO;
				GCC_NO_COMMON_BLOCKS = YES;
				GCC_OPTIMIZATION_LEVEL = 0;
				GCC_PREPROCESSOR_DEFINITIONS = (
					"DEBUG=1",
					"$(inherited)",
				);
				GCC_WARN_64_TO_32_BIT_CONVERSION = YES;
				GCC_WARN_ABOUT_RETURN_TYPE = YES_ERROR;
				GCC_WARN_UNDECLARED_SELECTOR = YES;
				GCC_WARN_UNINITIALIZED_AUTOS = YES_AGGRESSIVE;
				GCC_WARN_UNUSED_FUNCTION = YES;
				GCC_WARN_UNUSED_VARIABLE = YES;
				IPHONEOS_DEPLOYMENT_TARGET = 11.4;
				MTL_ENABLE_DEBUG_INFO = YES;
				ONLY_ACTIVE_ARCH = YES;
				SDKROOT = iphoneos;
				SWIFT_ACTIVE_COMPILATION_CONDITIONS = DEBUG;
				SWIFT_OPTIMIZATION_LEVEL = "-Onone";
			};
			name = Debug;
		};
		28452F0620E63F6300DCD2C9 /* Release */ = {
			isa = XCBuildConfiguration;
			buildSettings = {
				ALWAYS_SEARCH_USER_PATHS = NO;
				CLANG_ANALYZER_NONNULL = YES;
				CLANG_ANALYZER_NUMBER_OBJECT_CONVERSION = YES_AGGRESSIVE;
				CLANG_CXX_LANGUAGE_STANDARD = "gnu++14";
				CLANG_CXX_LIBRARY = "libc++";
				CLANG_ENABLE_MODULES = YES;
				CLANG_ENABLE_OBJC_ARC = YES;
				CLANG_ENABLE_OBJC_WEAK = YES;
				CLANG_WARN_BLOCK_CAPTURE_AUTORELEASING = YES;
				CLANG_WARN_BOOL_CONVERSION = YES;
				CLANG_WARN_COMMA = YES;
				CLANG_WARN_CONSTANT_CONVERSION = YES;
				CLANG_WARN_DEPRECATED_OBJC_IMPLEMENTATIONS = YES;
				CLANG_WARN_DIRECT_OBJC_ISA_USAGE = YES_ERROR;
				CLANG_WARN_DOCUMENTATION_COMMENTS = YES;
				CLANG_WARN_EMPTY_BODY = YES;
				CLANG_WARN_ENUM_CONVERSION = YES;
				CLANG_WARN_INFINITE_RECURSION = YES;
				CLANG_WARN_INT_CONVERSION = YES;
				CLANG_WARN_NON_LITERAL_NULL_CONVERSION = YES;
				CLANG_WARN_OBJC_IMPLICIT_RETAIN_SELF = YES;
				CLANG_WARN_OBJC_LITERAL_CONVERSION = YES;
				CLANG_WARN_OBJC_ROOT_CLASS = YES_ERROR;
				CLANG_WARN_RANGE_LOOP_ANALYSIS = YES;
				CLANG_WARN_STRICT_PROTOTYPES = YES;
				CLANG_WARN_SUSPICIOUS_MOVE = YES;
				CLANG_WARN_UNGUARDED_AVAILABILITY = YES_AGGRESSIVE;
				CLANG_WARN_UNREACHABLE_CODE = YES;
				CLANG_WARN__DUPLICATE_METHOD_MATCH = YES;
				CODE_SIGN_IDENTITY = "iPhone Developer";
				COPY_PHASE_STRIP = NO;
				DEBUG_INFORMATION_FORMAT = "dwarf-with-dsym";
				ENABLE_NS_ASSERTIONS = NO;
				ENABLE_STRICT_OBJC_MSGSEND = YES;
				GCC_C_LANGUAGE_STANDARD = gnu11;
				GCC_NO_COMMON_BLOCKS = YES;
				GCC_WARN_64_TO_32_BIT_CONVERSION = YES;
				GCC_WARN_ABOUT_RETURN_TYPE = YES_ERROR;
				GCC_WARN_UNDECLARED_SELECTOR = YES;
				GCC_WARN_UNINITIALIZED_AUTOS = YES_AGGRESSIVE;
				GCC_WARN_UNUSED_FUNCTION = YES;
				GCC_WARN_UNUSED_VARIABLE = YES;
				IPHONEOS_DEPLOYMENT_TARGET = 11.4;
				MTL_ENABLE_DEBUG_INFO = NO;
				SDKROOT = iphoneos;
				SWIFT_COMPILATION_MODE = wholemodule;
				SWIFT_OPTIMIZATION_LEVEL = "-O";
				VALIDATE_PRODUCT = YES;
			};
			name = Release;
		};
		28452F0820E63F6300DCD2C9 /* Debug */ = {
			isa = XCBuildConfiguration;
			buildSettings = {
				ASSETCATALOG_COMPILER_APPICON_NAME = AppIcon;
				CODE_SIGN_STYLE = Automatic;
				DEVELOPMENT_TEAM = UBD7ESSMK2;
				INFOPLIST_FILE = StanwoodTask/Info.plist;
				LD_RUNPATH_SEARCH_PATHS = (
					"$(inherited)",
					"@executable_path/Frameworks",
				);
				PRODUCT_BUNDLE_IDENTIFIER = YakApps.StanwoodTask;
				PRODUCT_NAME = "$(TARGET_NAME)";
				SWIFT_VERSION = 4.0;
				TARGETED_DEVICE_FAMILY = "1,2";
			};
			name = Debug;
		};
		28452F0920E63F6300DCD2C9 /* Release */ = {
			isa = XCBuildConfiguration;
			buildSettings = {
				ASSETCATALOG_COMPILER_APPICON_NAME = AppIcon;
				CODE_SIGN_STYLE = Automatic;
				DEVELOPMENT_TEAM = UBD7ESSMK2;
				INFOPLIST_FILE = StanwoodTask/Info.plist;
				LD_RUNPATH_SEARCH_PATHS = (
					"$(inherited)",
					"@executable_path/Frameworks",
				);
				PRODUCT_BUNDLE_IDENTIFIER = YakApps.StanwoodTask;
				PRODUCT_NAME = "$(TARGET_NAME)";
				SWIFT_VERSION = 4.0;
				TARGETED_DEVICE_FAMILY = "1,2";
			};
			name = Release;
		};
/* End XCBuildConfiguration section */

/* Begin XCConfigurationList section */
		28452EF020E63F6300DCD2C9 /* Build configuration list for PBXProject "StanwoodTask" */ = {
			isa = XCConfigurationList;
			buildConfigurations = (
				28452F0520E63F6300DCD2C9 /* Debug */,
				28452F0620E63F6300DCD2C9 /* Release */,
			);
			defaultConfigurationIsVisible = 0;
			defaultConfigurationName = Release;
		};
		28452F0720E63F6300DCD2C9 /* Build configuration list for PBXNativeTarget "StanwoodTask" */ = {
			isa = XCConfigurationList;
			buildConfigurations = (
				28452F0820E63F6300DCD2C9 /* Debug */,
				28452F0920E63F6300DCD2C9 /* Release */,
			);
			defaultConfigurationIsVisible = 0;
			defaultConfigurationName = Release;
		};
/* End XCConfigurationList section */
	};
	rootObject = 28452EED20E63F6300DCD2C9 /* Project object */;
}
